{
  "version": 4,
  "terraform_version": "1.9.5",
  "serial": 3,
  "lineage": "3eae57a4-02e2-2c24-e9cb-edca8317a3db",
  "outputs": {},
  "resources": [
    {
      "mode": "data",
      "type": "template_file",
      "name": "user_data",
      "provider": "provider[\"registry.terraform.io/hashicorp/template\"]",
      "instances": [
        {
          "schema_version": 0,
          "attributes": {
            "filename": null,
            "id": "1f3751aeeafac1bcf2787b14a6d60b1deaba8c6aa772eb795dfd2c665f1be6ae",
            "rendered": "#!/bin/bash\n# Update the package index\nsudo apt-get update -y || sudo yum update -y\n\n# Install Nginx\nsudo apt-get install nginx -y || sudo yum install nginx -y\n\n# Start and enable Nginx to start on boot\nsudo systemctl start nginx\nsudo systemctl enable nginx\n\n# Add a simple HTML file to verify installation\necho \"\u003ch1\u003eNginx is installed and running!\u003c/h1\u003e\" | sudo tee /var/www/html/index.html",
            "template": "#!/bin/bash\n# Update the package index\nsudo apt-get update -y || sudo yum update -y\n\n# Install Nginx\nsudo apt-get install nginx -y || sudo yum install nginx -y\n\n# Start and enable Nginx to start on boot\nsudo systemctl start nginx\nsudo systemctl enable nginx\n\n# Add a simple HTML file to verify installation\necho \"\u003ch1\u003eNginx is installed and running!\u003c/h1\u003e\" | sudo tee /var/www/html/index.html",
            "vars": null
          },
          "sensitive_attributes": []
        }
      ]
    },
    {
      "module": "module.ec2_instance",
      "mode": "managed",
      "type": "aws_instance",
      "name": "myec2",
      "provider": "module.ec2_instance.provider[\"registry.terraform.io/hashicorp/aws\"]",
      "instances": [
        {
          "schema_version": 1,
          "attributes": {
            "ami": "ami-066784287e358dad1",
            "arn": "arn:aws:ec2:us-east-1:975050049140:instance/i-0ffc59ef2c850003b",
            "associate_public_ip_address": true,
            "availability_zone": "us-east-1a",
            "capacity_reservation_specification": [
              {
                "capacity_reservation_preference": "open",
                "capacity_reservation_target": []
              }
            ],
            "cpu_core_count": 1,
            "cpu_options": [
              {
                "amd_sev_snp": "",
                "core_count": 1,
                "threads_per_core": 1
              }
            ],
            "cpu_threads_per_core": 1,
            "credit_specification": [
              {
                "cpu_credits": "standard"
              }
            ],
            "disable_api_stop": false,
            "disable_api_termination": false,
            "ebs_block_device": [],
            "ebs_optimized": false,
            "enclave_options": [
              {
                "enabled": false
              }
            ],
            "ephemeral_block_device": [],
            "get_password_data": false,
            "hibernation": false,
            "host_id": "",
            "host_resource_group_arn": null,
            "iam_instance_profile": "",
            "id": "i-0ffc59ef2c850003b",
            "instance_initiated_shutdown_behavior": "stop",
            "instance_lifecycle": "",
            "instance_market_options": [],
            "instance_state": "running",
            "instance_type": "t2.micro",
            "ipv6_address_count": 0,
            "ipv6_addresses": [],
            "key_name": "",
            "launch_template": [],
            "maintenance_options": [
              {
                "auto_recovery": "default"
              }
            ],
            "metadata_options": [
              {
                "http_endpoint": "enabled",
                "http_protocol_ipv6": "disabled",
                "http_put_response_hop_limit": 2,
                "http_tokens": "required",
                "instance_metadata_tags": "disabled"
              }
            ],
            "monitoring": false,
            "network_interface": [],
            "outpost_arn": "",
            "password_data": "",
            "placement_group": "",
            "placement_partition_number": 0,
            "primary_network_interface_id": "eni-065c9f71c27b95d4d",
            "private_dns": "ip-172-31-9-44.ec2.internal",
            "private_dns_name_options": [
              {
                "enable_resource_name_dns_a_record": false,
                "enable_resource_name_dns_aaaa_record": false,
                "hostname_type": "ip-name"
              }
            ],
            "private_ip": "172.31.9.44",
            "public_dns": "ec2-18-209-213-127.compute-1.amazonaws.com",
            "public_ip": "18.209.213.127",
            "root_block_device": [
              {
                "delete_on_termination": true,
                "device_name": "/dev/xvda",
                "encrypted": false,
                "iops": 3000,
                "kms_key_id": "",
                "tags": {},
                "tags_all": {},
                "throughput": 125,
                "volume_id": "vol-0f2d1036e1340cf48",
                "volume_size": 8,
                "volume_type": "gp3"
              }
            ],
            "secondary_private_ips": [],
            "security_groups": [
              "default"
            ],
            "source_dest_check": true,
            "spot_instance_request_id": "",
            "subnet_id": "subnet-0c12057e8a5301c75",
            "tags": {
              "Name": "MyEc2"
            },
            "tags_all": {
              "Name": "MyEc2"
            },
            "tenancy": "default",
            "timeouts": null,
            "user_data": "b53ada2694cc7596dc71d433a9b5a15fb930e8e5",
            "user_data_base64": null,
            "user_data_replace_on_change": false,
            "volume_tags": null,
            "vpc_security_group_ids": [
              "sg-01afa396d9efc4308"
            ]
          },
          "sensitive_attributes": [],
          "private": "eyJlMmJmYjczMC1lY2FhLTExZTYtOGY4OC0zNDM2M2JjN2M0YzAiOnsiY3JlYXRlIjo2MDAwMDAwMDAwMDAsImRlbGV0ZSI6MTIwMDAwMDAwMDAwMCwicmVhZCI6OTAwMDAwMDAwMDAwLCJ1cGRhdGUiOjYwMDAwMDAwMDAwMH0sInNjaGVtYV92ZXJzaW9uIjoiMSJ9",
          "dependencies": [
            "data.template_file.user_data"
          ]
        }
      ]
    }
  ],
  "check_results": null
}
